
Microsoft Visual Studio Solution File, Format Version 12.00
# Visual Studio 14
VisualStudioVersion = 14.0.25420.1
MinimumVisualStudioVersion = 10.0.40219.1
Project("{FAE04EC0-301F-11D3-BF4B-00C04F79EFBC}") = "MCP342x", "MCP342x\MCP342x.csproj", "{9243FEFB-DBA0-4F8B-9758-7F372D284DAD}"
EndProject
Project("{FAE04EC0-301F-11D3-BF4B-00C04F79EFBC}") = "FezPanda", "FezPanda\FezPanda.csproj", "{6D5AE0E3-5792-462E-B46D-8B8EFCB79EAD}"
EndProject
Project("{FAE04EC0-301F-11D3-BF4B-00C04F79EFBC}") = "Netduino", "Netduino\Netduino.csproj", "{7CAEE621-EE6A-4E8B-9F5E-3785C13D9B28}"
EndProject
Global
	GlobalSection(SolutionConfigurationPlatforms) = preSolution
		Debug|Any CPU = Debug|Any CPU
		Release|Any CPU = Release|Any CPU
	EndGlobalSection
	GlobalSection(ProjectConfigurationPlatforms) = postSolution
		{9243FEFB-DBA0-4F8B-9758-7F372D284DAD}.Debug|Any CPU.ActiveCfg = Debug|Any CPU
		{9243FEFB-DBA0-4F8B-9758-7F372D284DAD}.Debug|Any CPU.Build.0 = Debug|Any CPU
		{9243FEFB-DBA0-4F8B-9758-7F372D284DAD}.Release|Any CPU.ActiveCfg = Release|Any CPU
		{9243FEFB-DBA0-4F8B-9758-7F372D284DAD}.Release|Any CPU.Build.0 = Release|Any CPU
		{6D5AE0E3-5792-462E-B46D-8B8EFCB79EAD}.Debug|Any CPU.ActiveCfg = Debug|Any CPU
		{6D5AE0E3-5792-462E-B46D-8B8EFCB79EAD}.Debug|Any CPU.Build.0 = Debug|Any CPU
		{6D5AE0E3-5792-462E-B46D-8B8EFCB79EAD}.Debug|Any CPU.Deploy.0 = Debug|Any CPU
		{6D5AE0E3-5792-462E-B46D-8B8EFCB79EAD}.Release|Any CPU.ActiveCfg = Release|Any CPU
		{6D5AE0E3-5792-462E-B46D-8B8EFCB79EAD}.Release|Any CPU.Build.0 = Release|Any CPU
		{6D5AE0E3-5792-462E-B46D-8B8EFCB79EAD}.Release|Any CPU.Deploy.0 = Release|Any CPU
		{7CAEE621-EE6A-4E8B-9F5E-3785C13D9B28}.Debug|Any CPU.ActiveCfg = Debug|Any CPU
		{7CAEE621-EE6A-4E8B-9F5E-3785C13D9B28}.Debug|Any CPU.Build.0 = Debug|Any CPU
		{7CAEE621-EE6A-4E8B-9F5E-3785C13D9B28}.Debug|Any CPU.Deploy.0 = Debug|Any CPU
		{7CAEE621-EE6A-4E8B-9F5E-3785C13D9B28}.Release|Any CPU.ActiveCfg = Release|Any CPU
		{7CAEE621-EE6A-4E8B-9F5E-3785C13D9B28}.Release|Any CPU.Build.0 = Release|Any CPU
		{7CAEE621-EE6A-4E8B-9F5E-3785C13D9B28}.Release|Any CPU.Deploy.0 = Release|Any CPU
	EndGlobalSection
	GlobalSection(SolutionProperties) = preSolution
		HideSolutionNode = FALSE
	EndGlobalSection
EndGlobal
